{
    "_readme": [
        "This file locks the dependencies of your project to a known state",
        "Read more about it at https://getcomposer.org/doc/01-basic-usage.md#installing-dependencies",
        "This file is @generated automatically"
    ],
    "content-hash": "600f62e5ddcb11f730d7c12a598493cf",
    "packages": [
        {
            "name": "seunmatt/codeigniter-log-viewer",
            "version": "2.0.1",
            "source": {
                "type": "git",
                "url": "https://github.com/SeunMatt/codeigniter-log-viewer.git",
                "reference": "043b5c58bac65eeb9c536216c8d8d97b82abf08c"
            },
            "dist": {
                "type": "zip",
                "url": "https://api.github.com/repos/SeunMatt/codeigniter-log-viewer/zipball/043b5c58bac65eeb9c536216c8d8d97b82abf08c",
                "reference": "043b5c58bac65eeb9c536216c8d8d97b82abf08c",
                "shasum": ""
            },
            "require": {
                "php": ">=7.4"
            },
            "type": "library",
            "autoload": {
                "psr-4": {
                    "CILogViewer\\": "src/"
                }
            },
            "notification-url": "https://packagist.org/downloads/",
            "license": [
                "MIT"
            ],
            "authors": [
                {
                    "name": "Miguel Martinez",
                    "email": "rodilla@gmail.com"
                },
                {
                    "name": "Seun Matt",
                    "email": "smatt382@gmail.com"
                }
            ],
            "description": "This is a simple Log Viewer for viewing CodeIgniter log files on the browser",
            "keywords": [
                "CI4",
                "Code Igniter",
                "Code Igniter 4",
                "log viewer",
                "php"
            ],
            "support": {
                "issues": "https://github.com/SeunMatt/codeigniter-log-viewer/issues",
                "source": "https://github.com/SeunMatt/codeigniter-log-viewer/tree/2.0.1"
            },
            "time": "2022-10-09T06:17:17+00:00"
        }
    ],
    "packages-dev": [],
    "aliases": [],
    "minimum-stability": "stable",
    "stability-flags": [],
    "prefer-stable": false,
    "prefer-lowest": false,
    "platform": {
        "php": ">=7.0",
        "ext-json": "*"
    },
    "platform-dev": [],
    "plugin-api-version": "2.3.0"
}
